
Microsoft Visual Studio Solution File, Format Version 12.00
# Visual Studio Version 17
VisualStudioVersion = 17.5.33530.505
MinimumVisualStudioVersion = 10.0.40219.1
Project("{9A19103F-16F7-4668-BE54-9A1E7A4F7556}") = "MayThePerfromanceBeWithYou-Configurator", "MayThePerfromanceBeWithYou-Configurator.csproj", "{1EDC26A3-079E-4A8A-953B-0E318A22259E}"
EndProject
Global
	GlobalSection(SolutionConfigurationPlatforms) = preSolution
		Debug|Any CPU = Debug|Any CPU
		Release|Any CPU = Release|Any CPU
	EndGlobalSection
	GlobalSection(ProjectConfigurationPlatforms) = postSolution
		{1EDC26A3-079E-4A8A-953B-0E318A22259E}.Debug|Any CPU.ActiveCfg = Debug|Any CPU
		{1EDC26A3-079E-4A8A-953B-0E318A22259E}.Debug|Any CPU.Build.0 = Debug|Any CPU
		{1EDC26A3-079E-4A8A-953B-0E318A22259E}.Release|Any CPU.ActiveCfg = Release|Any CPU
		{1EDC26A3-079E-4A8A-953B-0E318A22259E}.Release|Any CPU.Build.0 = Release|Any CPU
	EndGlobalSection
	GlobalSection(SolutionProperties) = preSolution
		HideSolutionNode = FALSE
	EndGlobalSection
	GlobalSection(ExtensibilityGlobals) = postSolution
		SolutionGuid = {E25BC80D-D320-4BD3-ADD0-08441BBF5C14}
	EndGlobalSection
EndGlobal
