
Microsoft Visual Studio Solution File, Format Version 12.00
# Visual Studio Version 17
VisualStudioVersion = 17.5.33530.505
MinimumVisualStudioVersion = 10.0.40219.1
Project("{FAE04EC0-301F-11D3-BF4B-00C04F79EFBC}") = "MayThePerfromanceBeWithYou-Configurator", "MayThePerfromanceBeWithYou-Configurator.csproj", "{1EDC26A3-079E-4A8A-953B-0E318A22259E}"
EndProject
Project("{FAE04EC0-301F-11D3-BF4B-00C04F79EFBC}") = "PasteBinDataBaseManager_Custom", "PasteBinDataBaseManager_Custom\PasteBinDataBaseManager_Custom.csproj", "{53C795D2-BCE5-40B1-943F-5793D41EC70F}"
EndProject
Global
	GlobalSection(SolutionConfigurationPlatforms) = preSolution
		Debug|Any CPU = Debug|Any CPU
		Release|Any CPU = Release|Any CPU
	EndGlobalSection
	GlobalSection(ProjectConfigurationPlatforms) = postSolution
		{1EDC26A3-079E-4A8A-953B-0E318A22259E}.Debug|Any CPU.ActiveCfg = Debug|Any CPU
		{1EDC26A3-079E-4A8A-953B-0E318A22259E}.Debug|Any CPU.Build.0 = Debug|Any CPU
		{1EDC26A3-079E-4A8A-953B-0E318A22259E}.Release|Any CPU.ActiveCfg = Release|Any CPU
		{1EDC26A3-079E-4A8A-953B-0E318A22259E}.Release|Any CPU.Build.0 = Release|Any CPU
		{53C795D2-BCE5-40B1-943F-5793D41EC70F}.Debug|Any CPU.ActiveCfg = Debug|Any CPU
		{53C795D2-BCE5-40B1-943F-5793D41EC70F}.Debug|Any CPU.Build.0 = Debug|Any CPU
		{53C795D2-BCE5-40B1-943F-5793D41EC70F}.Release|Any CPU.ActiveCfg = Release|Any CPU
		{53C795D2-BCE5-40B1-943F-5793D41EC70F}.Release|Any CPU.Build.0 = Release|Any CPU
	EndGlobalSection
	GlobalSection(SolutionProperties) = preSolution
		HideSolutionNode = FALSE
	EndGlobalSection
	GlobalSection(ExtensibilityGlobals) = postSolution
		SolutionGuid = {E25BC80D-D320-4BD3-ADD0-08441BBF5C14}
	EndGlobalSection
EndGlobal
